// !$*UTF8*$!
{
	archiveVersion = 1;
	classes = {
	};
	objectVersion = 46;
	objects = {

/* Begin PBXBuildFile section */
		4F122662196BD37C00F03D12 /* Cocoa.framework in Frameworks */ = {isa = PBXBuildFile; fileRef = 4F122661196BD37C00F03D12 /* Cocoa.framework */; };
		4F12266C196BD37C00F03D12 /* InfoPlist.strings in Resources */ = {isa = PBXBuildFile; fileRef = 4F12266A196BD37C00F03D12 /* InfoPlist.strings */; };
		4F12266E196BD37C00F03D12 /* main.m in Sources */ = {isa = PBXBuildFile; fileRef = 4F12266D196BD37C00F03D12 /* main.m */; };
		4F122672196BD37C00F03D12 /* Credits.rtf in Resources */ = {isa = PBXBuildFile; fileRef = 4F122670196BD37C00F03D12 /* Credits.rtf */; };
		4F122675196BD37C00F03D12 /* AppDelegate.m in Sources */ = {isa = PBXBuildFile; fileRef = 4F122674196BD37C00F03D12 /* AppDelegate.m */; };
		4F122678196BD37C00F03D12 /* MainMenu.xib in Resources */ = {isa = PBXBuildFile; fileRef = 4F122676196BD37C00F03D12 /* MainMenu.xib */; };
		4F12267A196BD37C00F03D12 /* Images.xcassets in Resources */ = {isa = PBXBuildFile; fileRef = 4F122679196BD37C00F03D12 /* Images.xcassets */; };
		4F122681196BD37C00F03D12 /* XCTest.framework in Frameworks */ = {isa = PBXBuildFile; fileRef = 4F122680196BD37C00F03D12 /* XCTest.framework */; };
		4F122682196BD37C00F03D12 /* Cocoa.framework in Frameworks */ = {isa = PBXBuildFile; fileRef = 4F122661196BD37C00F03D12 /* Cocoa.framework */; };
		4F12268A196BD37C00F03D12 /* InfoPlist.strings in Resources */ = {isa = PBXBuildFile; fileRef = 4F122688196BD37C00F03D12 /* InfoPlist.strings */; };
		4F12268C196BD37C00F03D12 /* DeviceLogViewTests.m in Sources */ = {isa = PBXBuildFile; fileRef = 4F12268B196BD37C00F03D12 /* DeviceLogViewTests.m */; };
		4F122696196BD3AA00F03D12 /* CoreFoundation.framework in Frameworks */ = {isa = PBXBuildFile; fileRef = 4F122695196BD3AA00F03D12 /* CoreFoundation.framework */; };
		4F12269B196BD3D900F03D12 /* MobileDevice.framework in Frameworks */ = {isa = PBXBuildFile; fileRef = 4F12269A196BD3D900F03D12 /* MobileDevice.framework */; };
/* End PBXBuildFile section */

/* Begin PBXContainerItemProxy section */
		4F122683196BD37C00F03D12 /* PBXContainerItemProxy */ = {
			isa = PBXContainerItemProxy;
			containerPortal = 4F122656196BD37C00F03D12 /* Project object */;
			proxyType = 1;
			remoteGlobalIDString = 4F12265D196BD37C00F03D12;
			remoteInfo = DeviceLogView;
		};
/* End PBXContainerItemProxy section */

/* Begin PBXFileReference section */
		4F12265E196BD37C00F03D12 /* DeviceLogView.app */ = {isa = PBXFileReference; explicitFileType = wrapper.application; includeInIndex = 0; path = DeviceLogView.app; sourceTree = BUILT_PRODUCTS_DIR; };
		4F122661196BD37C00F03D12 /* Cocoa.framework */ = {isa = PBXFileReference; lastKnownFileType = wrapper.framework; name = Cocoa.framework; path = System/Library/Frameworks/Cocoa.framework; sourceTree = SDKROOT; };
		4F122664196BD37C00F03D12 /* AppKit.framework */ = {isa = PBXFileReference; lastKnownFileType = wrapper.framework; name = AppKit.framework; path = System/Library/Frameworks/AppKit.framework; sourceTree = SDKROOT; };
		4F122665196BD37C00F03D12 /* CoreData.framework */ = {isa = PBXFileReference; lastKnownFileType = wrapper.framework; name = CoreData.framework; path = System/Library/Frameworks/CoreData.framework; sourceTree = SDKROOT; };
		4F122669196BD37C00F03D12 /* DeviceLogView-Info.plist */ = {isa = PBXFileReference; lastKnownFileType = text.plist.xml; path = "DeviceLogView-Info.plist"; sourceTree = "<group>"; };
		4F12266B196BD37C00F03D12 /* en */ = {isa = PBXFileReference; lastKnownFileType = text.plist.strings; name = en; path = en.lproj/InfoPlist.strings; sourceTree = "<group>"; };
		4F12266D196BD37C00F03D12 /* main.m */ = {isa = PBXFileReference; lastKnownFileType = sourcecode.c.objc; path = main.m; sourceTree = "<group>"; };
		4F12266F196BD37C00F03D12 /* DeviceLogView-Prefix.pch */ = {isa = PBXFileReference; lastKnownFileType = sourcecode.c.h; path = "DeviceLogView-Prefix.pch"; sourceTree = "<group>"; };
		4F122671196BD37C00F03D12 /* en */ = {isa = PBXFileReference; lastKnownFileType = text.rtf; name = en; path = en.lproj/Credits.rtf; sourceTree = "<group>"; };
		4F122673196BD37C00F03D12 /* AppDelegate.h */ = {isa = PBXFileReference; lastKnownFileType = sourcecode.c.h; path = AppDelegate.h; sourceTree = "<group>"; };
		4F122674196BD37C00F03D12 /* AppDelegate.m */ = {isa = PBXFileReference; lastKnownFileType = sourcecode.c.objc; path = AppDelegate.m; sourceTree = "<group>"; };
		4F122677196BD37C00F03D12 /* Base */ = {isa = PBXFileReference; lastKnownFileType = file.xib; name = Base; path = Base.lproj/MainMenu.xib; sourceTree = "<group>"; };
		4F122679196BD37C00F03D12 /* Images.xcassets */ = {isa = PBXFileReference; lastKnownFileType = folder.assetcatalog; path = Images.xcassets; sourceTree = "<group>"; };
		4F12267F196BD37C00F03D12 /* DeviceLogViewTests.xctest */ = {isa = PBXFileReference; explicitFileType = wrapper.cfbundle; includeInIndex = 0; path = DeviceLogViewTests.xctest; sourceTree = BUILT_PRODUCTS_DIR; };
		4F122680196BD37C00F03D12 /* XCTest.framework */ = {isa = PBXFileReference; lastKnownFileType = wrapper.framework; name = XCTest.framework; path = Library/Frameworks/XCTest.framework; sourceTree = DEVELOPER_DIR; };
		4F122687196BD37C00F03D12 /* DeviceLogViewTests-Info.plist */ = {isa = PBXFileReference; lastKnownFileType = text.plist.xml; path = "DeviceLogViewTests-Info.plist"; sourceTree = "<group>"; };
		4F122689196BD37C00F03D12 /* en */ = {isa = PBXFileReference; lastKnownFileType = text.plist.strings; name = en; path = en.lproj/InfoPlist.strings; sourceTree = "<group>"; };
		4F12268B196BD37C00F03D12 /* DeviceLogViewTests.m */ = {isa = PBXFileReference; lastKnownFileType = sourcecode.c.objc; path = DeviceLogViewTests.m; sourceTree = "<group>"; };
		4F122695196BD3AA00F03D12 /* CoreFoundation.framework */ = {isa = PBXFileReference; lastKnownFileType = wrapper.framework; name = CoreFoundation.framework; path = System/Library/Frameworks/CoreFoundation.framework; sourceTree = SDKROOT; };
		4F122699196BD3CD00F03D12 /* MobileDevice.h */ = {isa = PBXFileReference; lastKnownFileType = sourcecode.c.h; path = MobileDevice.h; sourceTree = "<group>"; };
		4F12269A196BD3D900F03D12 /* MobileDevice.framework */ = {isa = PBXFileReference; lastKnownFileType = wrapper.framework; path = MobileDevice.framework; sourceTree = "<group>"; };
/* End PBXFileReference section */

/* Begin PBXFrameworksBuildPhase section */
		4F12265B196BD37C00F03D12 /* Frameworks */ = {
			isa = PBXFrameworksBuildPhase;
			buildActionMask = 2147483647;
			files = (
				4F12269B196BD3D900F03D12 /* MobileDevice.framework in Frameworks */,
				4F122696196BD3AA00F03D12 /* CoreFoundation.framework in Frameworks */,
				4F122662196BD37C00F03D12 /* Cocoa.framework in Frameworks */,
			);
			runOnlyForDeploymentPostprocessing = 0;
		};
		4F12267C196BD37C00F03D12 /* Frameworks */ = {
			isa = PBXFrameworksBuildPhase;
			buildActionMask = 2147483647;
			files = (
				4F122682196BD37C00F03D12 /* Cocoa.framework in Frameworks */,
				4F122681196BD37C00F03D12 /* XCTest.framework in Frameworks */,
			);
			runOnlyForDeploymentPostprocessing = 0;
		};
/* End PBXFrameworksBuildPhase section */

/* Begin PBXGroup section */
		4F122655196BD37C00F03D12 = {
			isa = PBXGroup;
			children = (
				4F122667196BD37C00F03D12 /* DeviceLogView */,
				4F122685196BD37C00F03D12 /* DeviceLogViewTests */,
				4F122660196BD37C00F03D12 /* Frameworks */,
				4F12265F196BD37C00F03D12 /* Products */,
			);
			sourceTree = "<group>";
		};
		4F12265F196BD37C00F03D12 /* Products */ = {
			isa = PBXGroup;
			children = (
				4F12265E196BD37C00F03D12 /* DeviceLogView.app */,
				4F12267F196BD37C00F03D12 /* DeviceLogViewTests.xctest */,
			);
			name = Products;
			sourceTree = "<group>";
		};
		4F122660196BD37C00F03D12 /* Frameworks */ = {
			isa = PBXGroup;
			children = (
				4F122661196BD37C00F03D12 /* Cocoa.framework */,
				4F122680196BD37C00F03D12 /* XCTest.framework */,
				4F122663196BD37C00F03D12 /* Other Frameworks */,
			);
			name = Frameworks;
			sourceTree = "<group>";
		};
		4F122663196BD37C00F03D12 /* Other Frameworks */ = {
			isa = PBXGroup;
			children = (
				4F12269A196BD3D900F03D12 /* MobileDevice.framework */,
				4F122695196BD3AA00F03D12 /* CoreFoundation.framework */,
				4F122664196BD37C00F03D12 /* AppKit.framework */,
				4F122665196BD37C00F03D12 /* CoreData.framework */,
			);
			name = "Other Frameworks";
			sourceTree = "<group>";
		};
		4F122667196BD37C00F03D12 /* DeviceLogView */ = {
			isa = PBXGroup;
			children = (
				4F122699196BD3CD00F03D12 /* MobileDevice.h */,
				4F122673196BD37C00F03D12 /* AppDelegate.h */,
				4F122674196BD37C00F03D12 /* AppDelegate.m */,
				4F122676196BD37C00F03D12 /* MainMenu.xib */,
				4F122679196BD37C00F03D12 /* Images.xcassets */,
				4F122668196BD37C00F03D12 /* Supporting Files */,
			);
			path = DeviceLogView;
			sourceTree = "<group>";
		};
		4F122668196BD37C00F03D12 /* Supporting Files */ = {
			isa = PBXGroup;
			children = (
				4F122669196BD37C00F03D12 /* DeviceLogView-Info.plist */,
				4F12266A196BD37C00F03D12 /* InfoPlist.strings */,
				4F12266D196BD37C00F03D12 /* main.m */,
				4F12266F196BD37C00F03D12 /* DeviceLogView-Prefix.pch */,
				4F122670196BD37C00F03D12 /* Credits.rtf */,
			);
			name = "Supporting Files";
			sourceTree = "<group>";
		};
		4F122685196BD37C00F03D12 /* DeviceLogViewTests */ = {
			isa = PBXGroup;
			children = (
				4F12268B196BD37C00F03D12 /* DeviceLogViewTests.m */,
				4F122686196BD37C00F03D12 /* Supporting Files */,
			);
			path = DeviceLogViewTests;
			sourceTree = "<group>";
		};
		4F122686196BD37C00F03D12 /* Supporting Files */ = {
			isa = PBXGroup;
			children = (
				4F122687196BD37C00F03D12 /* DeviceLogViewTests-Info.plist */,
				4F122688196BD37C00F03D12 /* InfoPlist.strings */,
			);
			name = "Supporting Files";
			sourceTree = "<group>";
		};
/* End PBXGroup section */

/* Begin PBXNativeTarget section */
		4F12265D196BD37C00F03D12 /* DeviceLogView */ = {
			isa = PBXNativeTarget;
			buildConfigurationList = 4F12268F196BD37C00F03D12 /* Build configuration list for PBXNativeTarget "DeviceLogView" */;
			buildPhases = (
				4F12265A196BD37C00F03D12 /* Sources */,
				4F12265B196BD37C00F03D12 /* Frameworks */,
				4F12265C196BD37C00F03D12 /* Resources */,
			);
			buildRules = (
			);
			dependencies = (
			);
			name = DeviceLogView;
			productName = DeviceLogView;
			productReference = 4F12265E196BD37C00F03D12 /* DeviceLogView.app */;
			productType = "com.apple.product-type.application";
		};
		4F12267E196BD37C00F03D12 /* DeviceLogViewTests */ = {
			isa = PBXNativeTarget;
			buildConfigurationList = 4F122692196BD37C00F03D12 /* Build configuration list for PBXNativeTarget "DeviceLogViewTests" */;
			buildPhases = (
				4F12267B196BD37C00F03D12 /* Sources */,
				4F12267C196BD37C00F03D12 /* Frameworks */,
				4F12267D196BD37C00F03D12 /* Resources */,
			);
			buildRules = (
			);
			dependencies = (
				4F122684196BD37C00F03D12 /* PBXTargetDependency */,
			);
			name = DeviceLogViewTests;
			productName = DeviceLogViewTests;
			productReference = 4F12267F196BD37C00F03D12 /* DeviceLogViewTests.xctest */;
			productType = "com.apple.product-type.bundle.unit-test";
		};
/* End PBXNativeTarget section */

/* Begin PBXProject section */
		4F122656196BD37C00F03D12 /* Project object */ = {
			isa = PBXProject;
			attributes = {
				LastUpgradeCheck = 0510;
				ORGANIZATIONNAME = line;
				TargetAttributes = {
					4F12267E196BD37C00F03D12 = {
						TestTargetID = 4F12265D196BD37C00F03D12;
					};
				};
			};
			buildConfigurationList = 4F122659196BD37C00F03D12 /* Build configuration list for PBXProject "DeviceLogView" */;
			compatibilityVersion = "Xcode 3.2";
			developmentRegion = English;
			hasScannedForEncodings = 0;
			knownRegions = (
				en,
				Base,
			);
			mainGroup = 4F122655196BD37C00F03D12;
			productRefGroup = 4F12265F196BD37C00F03D12 /* Products */;
			projectDirPath = "";
			projectRoot = "";
			targets = (
				4F12265D196BD37C00F03D12 /* DeviceLogView */,
				4F12267E196BD37C00F03D12 /* DeviceLogViewTests */,
			);
		};
/* End PBXProject section */

/* Begin PBXResourcesBuildPhase section */
		4F12265C196BD37C00F03D12 /* Resources */ = {
			isa = PBXResourcesBuildPhase;
			buildActionMask = 2147483647;
			files = (
				4F12266C196BD37C00F03D12 /* InfoPlist.strings in Resources */,
				4F12267A196BD37C00F03D12 /* Images.xcassets in Resources */,
				4F122672196BD37C00F03D12 /* Credits.rtf in Resources */,
				4F122678196BD37C00F03D12 /* MainMenu.xib in Resources */,
			);
			runOnlyForDeploymentPostprocessing = 0;
		};
		4F12267D196BD37C00F03D12 /* Resources */ = {
			isa = PBXResourcesBuildPhase;
			buildActionMask = 2147483647;
			files = (
				4F12268A196BD37C00F03D12 /* InfoPlist.strings in Resources */,
			);
			runOnlyForDeploymentPostprocessing = 0;
		};
/* End PBXResourcesBuildPhase section */

/* Begin PBXSourcesBuildPhase section */
		4F12265A196BD37C00F03D12 /* Sources */ = {
			isa = PBXSourcesBuildPhase;
			buildActionMask = 2147483647;
			files = (
				4F122675196BD37C00F03D12 /* AppDelegate.m in Sources */,
				4F12266E196BD37C00F03D12 /* main.m in Sources */,
			);
			runOnlyForDeploymentPostprocessing = 0;
		};
		4F12267B196BD37C00F03D12 /* Sources */ = {
			isa = PBXSourcesBuildPhase;
			buildActionMask = 2147483647;
			files = (
				4F12268C196BD37C00F03D12 /* DeviceLogViewTests.m in Sources */,
			);
			runOnlyForDeploymentPostprocessing = 0;
		};
/* End PBXSourcesBuildPhase section */

/* Begin PBXTargetDependency section */
		4F122684196BD37C00F03D12 /* PBXTargetDependency */ = {
			isa = PBXTargetDependency;
			target = 4F12265D196BD37C00F03D12 /* DeviceLogView */;
			targetProxy = 4F122683196BD37C00F03D12 /* PBXContainerItemProxy */;
		};
/* End PBXTargetDependency section */

/* Begin PBXVariantGroup section */
		4F12266A196BD37C00F03D12 /* InfoPlist.strings */ = {
			isa = PBXVariantGroup;
			children = (
				4F12266B196BD37C00F03D12 /* en */,
			);
			name = InfoPlist.strings;
			sourceTree = "<group>";
		};
		4F122670196BD37C00F03D12 /* Credits.rtf */ = {
			isa = PBXVariantGroup;
			children = (
				4F122671196BD37C00F03D12 /* en */,
			);
			name = Credits.rtf;
			sourceTree = "<group>";
		};
		4F122676196BD37C00F03D12 /* MainMenu.xib */ = {
			isa = PBXVariantGroup;
			children = (
				4F122677196BD37C00F03D12 /* Base */,
			);
			name = MainMenu.xib;
			sourceTree = "<group>";
		};
		4F122688196BD37C00F03D12 /* InfoPlist.strings */ = {
			isa = PBXVariantGroup;
			children = (
				4F122689196BD37C00F03D12 /* en */,
			);
			name = InfoPlist.strings;
			sourceTree = "<group>";
		};
/* End PBXVariantGroup section */

/* Begin XCBuildConfiguration section */
		4F12268D196BD37C00F03D12 /* Debug */ = {
			isa = XCBuildConfiguration;
			buildSettings = {
				ALWAYS_SEARCH_USER_PATHS = NO;
				CLANG_CXX_LANGUAGE_STANDARD = "gnu++0x";
				CLANG_CXX_LIBRARY = "libc++";
				CLANG_ENABLE_MODULES = YES;
				CLANG_ENABLE_OBJC_ARC = YES;
				CLANG_WARN_BOOL_CONVERSION = YES;
				CLANG_WARN_CONSTANT_CONVERSION = YES;
				CLANG_WARN_DIRECT_OBJC_ISA_USAGE = YES_ERROR;
				CLANG_WARN_EMPTY_BODY = YES;
				CLANG_WARN_ENUM_CONVERSION = YES;
				CLANG_WARN_INT_CONVERSION = YES;
				CLANG_WARN_OBJC_ROOT_CLASS = YES_ERROR;
				CLANG_WARN__DUPLICATE_METHOD_MATCH = YES;
				COPY_PHASE_STRIP = NO;
				GCC_C_LANGUAGE_STANDARD = gnu99;
				GCC_DYNAMIC_NO_PIC = NO;
				GCC_ENABLE_OBJC_EXCEPTIONS = YES;
				GCC_OPTIMIZATION_LEVEL = 0;
				GCC_PREPROCESSOR_DEFINITIONS = (
					"DEBUG=1",
					"$(inherited)",
				);
				GCC_SYMBOLS_PRIVATE_EXTERN = NO;
				GCC_WARN_64_TO_32_BIT_CONVERSION = YES;
				GCC_WARN_ABOUT_RETURN_TYPE = YES_ERROR;
				GCC_WARN_UNDECLARED_SELECTOR = YES;
				GCC_WARN_UNINITIALIZED_AUTOS = YES_AGGRESSIVE;
				GCC_WARN_UNUSED_FUNCTION = YES;
				GCC_WARN_UNUSED_VARIABLE = YES;
				MACOSX_DEPLOYMENT_TARGET = 10.9;
				ONLY_ACTIVE_ARCH = YES;
				SDKROOT = macosx;
			};
			name = Debug;
		};
		4F12268E196BD37C00F03D12 /* Release */ = {
			isa = XCBuildConfiguration;
			buildSettings = {
				ALWAYS_SEARCH_USER_PATHS = NO;
				CLANG_CXX_LANGUAGE_STANDARD = "gnu++0x";
				CLANG_CXX_LIBRARY = "libc++";
				CLANG_ENABLE_MODULES = YES;
				CLANG_ENABLE_OBJC_ARC = YES;
				CLANG_WARN_BOOL_CONVERSION = YES;
				CLANG_WARN_CONSTANT_CONVERSION = YES;
				CLANG_WARN_DIRECT_OBJC_ISA_USAGE = YES_ERROR;
				CLANG_WARN_EMPTY_BODY = YES;
				CLANG_WARN_ENUM_CONVERSION = YES;
				CLANG_WARN_INT_CONVERSION = YES;
				CLANG_WARN_OBJC_ROOT_CLASS = YES_ERROR;
				CLANG_WARN__DUPLICATE_METHOD_MATCH = YES;
				COPY_PHASE_STRIP = YES;
				DEBUG_INFORMATION_FORMAT = "dwarf-with-dsym";
				ENABLE_NS_ASSERTIONS = NO;
				GCC_C_LANGUAGE_STANDARD = gnu99;
				GCC_ENABLE_OBJC_EXCEPTIONS = YES;
				GCC_WARN_64_TO_32_BIT_CONVERSION = YES;
				GCC_WARN_ABOUT_RETURN_TYPE = YES_ERROR;
				GCC_WARN_UNDECLARED_SELECTOR = YES;
				GCC_WARN_UNINITIALIZED_AUTOS = YES_AGGRESSIVE;
				GCC_WARN_UNUSED_FUNCTION = YES;
				GCC_WARN_UNUSED_VARIABLE = YES;
				MACOSX_DEPLOYMENT_TARGET = 10.9;
				SDKROOT = macosx;
			};
			name = Release;
		};
		4F122690196BD37C00F03D12 /* Debug */ = {
			isa = XCBuildConfiguration;
			buildSettings = {
				ASSETCATALOG_COMPILER_APPICON_NAME = AppIcon;
				COMBINE_HIDPI_IMAGES = YES;
				FRAMEWORK_SEARCH_PATHS = (
					"$(inherited)",
					/Users/lineplus/Documents/workspace/LogView,
					"$(PROJECT_DIR)",
				);
				GCC_PRECOMPILE_PREFIX_HEADER = YES;
				GCC_PREFIX_HEADER = "DeviceLogView/DeviceLogView-Prefix.pch";
				INFOPLIST_FILE = "DeviceLogView/DeviceLogView-Info.plist";
				PRODUCT_NAME = "$(TARGET_NAME)";
				WRAPPER_EXTENSION = app;
			};
			name = Debug;
		};
		4F122691196BD37C00F03D12 /* Release */ = {
			isa = XCBuildConfiguration;
			buildSettings = {
				ASSETCATALOG_COMPILER_APPICON_NAME = AppIcon;
				COMBINE_HIDPI_IMAGES = YES;
				FRAMEWORK_SEARCH_PATHS = (
					"$(inherited)",
					/Users/lineplus/Documents/workspace/LogView,
					"$(PROJECT_DIR)",
				);
				GCC_PRECOMPILE_PREFIX_HEADER = YES;
				GCC_PREFIX_HEADER = "DeviceLogView/DeviceLogView-Prefix.pch";
				INFOPLIST_FILE = "DeviceLogView/DeviceLogView-Info.plist";
				PRODUCT_NAME = "$(TARGET_NAME)";
				WRAPPER_EXTENSION = app;
			};
			name = Release;
		};
		4F122693196BD37C00F03D12 /* Debug */ = {
			isa = XCBuildConfiguration;
			buildSettings = {
				BUNDLE_LOADER = "$(BUILT_PRODUCTS_DIR)/DeviceLogView.app/Contents/MacOS/DeviceLogView";
				COMBINE_HIDPI_IMAGES = YES;
				FRAMEWORK_SEARCH_PATHS = (
					"$(DEVELOPER_FRAMEWORKS_DIR)",
					"$(inherited)",
				);
				GCC_PRECOMPILE_PREFIX_HEADER = YES;
				GCC_PREFIX_HEADER = "DeviceLogView/DeviceLogView-Prefix.pch";
				GCC_PREPROCESSOR_DEFINITIONS = (
					"DEBUG=1",
					"$(inherited)",
				);
				INFOPLIST_FILE = "DeviceLogViewTests/DeviceLogViewTests-Info.plist";
				PRODUCT_NAME = "$(TARGET_NAME)";
				TEST_HOST = "$(BUNDLE_LOADER)";
				WRAPPER_EXTENSION = xctest;
			};
			name = Debug;
		};
		4F122694196BD37C00F03D12 /* Release */ = {
			isa = XCBuildConfiguration;
			buildSettings = {
				BUNDLE_LOADER = "$(BUILT_PRODUCTS_DIR)/DeviceLogView.app/Contents/MacOS/DeviceLogView";
				COMBINE_HIDPI_IMAGES = YES;
				FRAMEWORK_SEARCH_PATHS = (
					"$(DEVELOPER_FRAMEWORKS_DIR)",
					"$(inherited)",
				);
				GCC_PRECOMPILE_PREFIX_HEADER = YES;
				GCC_PREFIX_HEADER = "DeviceLogView/DeviceLogView-Prefix.pch";
				INFOPLIST_FILE = "DeviceLogViewTests/DeviceLogViewTests-Info.plist";
				PRODUCT_NAME = "$(TARGET_NAME)";
				TEST_HOST = "$(BUNDLE_LOADER)";
				WRAPPER_EXTENSION = xctest;
			};
			name = Release;
		};
/* End XCBuildConfiguration section */

/* Begin XCConfigurationList section */
		4F122659196BD37C00F03D12 /* Build configuration list for PBXProject "DeviceLogView" */ = {
			isa = XCConfigurationList;
			buildConfigurations = (
				4F12268D196BD37C00F03D12 /* Debug */,
				4F12268E196BD37C00F03D12 /* Release */,
			);
			defaultConfigurationIsVisible = 0;
			defaultConfigurationName = Release;
		};
		4F12268F196BD37C00F03D12 /* Build configuration list for PBXNativeTarget "DeviceLogView" */ = {
			isa = XCConfigurationList;
			buildConfigurations = (
				4F122690196BD37C00F03D12 /* Debug */,
				4F122691196BD37C00F03D12 /* Release */,
			);
			defaultConfigurationIsVisible = 0;
		};
		4F122692196BD37C00F03D12 /* Build configuration list for PBXNativeTarget "DeviceLogViewTests" */ = {
			isa = XCConfigurationList;
			buildConfigurations = (
				4F122693196BD37C00F03D12 /* Debug */,
				4F122694196BD37C00F03D12 /* Release */,
			);
			defaultConfigurationIsVisible = 0;
		};
/* End XCConfigurationList section */
	};
	rootObject = 4F122656196BD37C00F03D12 /* Project object */;
}
