// !$*UTF8*$!
{
	archiveVersion = 1;
	classes = {
	};
	objectVersion = 46;
	objects = {

/* Begin PBXBuildFile section */
		4F03E44219823D3900BE0939 /* FileWatch.m in Sources */ = {isa = PBXBuildFile; fileRef = 4F03E44119823D3900BE0939 /* FileWatch.m */; };
		4F03E4451982427100BE0939 /* ReadSimulatorLog.m in Sources */ = {isa = PBXBuildFile; fileRef = 4F03E4441982427100BE0939 /* ReadSimulatorLog.m */; };
		4F661FA7198A078D003941C0 /* MYTableView.m in Sources */ = {isa = PBXBuildFile; fileRef = 4F661FA6198A078D003941C0 /* MYTableView.m */; };
		4FAE661E197784B90048DFD8 /* ReadFileLog.m in Sources */ = {isa = PBXBuildFile; fileRef = 4FAE661D197784B90048DFD8 /* ReadFileLog.m */; };
		4FAE66221977BACB0048DFD8 /* LogDataStorage.m in Sources */ = {isa = PBXBuildFile; fileRef = 4FAE66211977BACB0048DFD8 /* LogDataStorage.m */; };
		4FB1B255196FC50100F0EB53 /* ILogFilterGUI.m in Sources */ = {isa = PBXBuildFile; fileRef = 4FB1B254196FC50100F0EB53 /* ILogFilterGUI.m */; };
		4FB69A871986195B0004A51E /* MYArrayController.m in Sources */ = {isa = PBXBuildFile; fileRef = 4FB69A861986195B0004A51E /* MYArrayController.m */; };
		4FBFEEC3196E651D002DF74F /* Cocoa.framework in Frameworks */ = {isa = PBXBuildFile; fileRef = 4FBFEEC2196E651D002DF74F /* Cocoa.framework */; };
		4FBFEECD196E651D002DF74F /* InfoPlist.strings in Resources */ = {isa = PBXBuildFile; fileRef = 4FBFEECB196E651D002DF74F /* InfoPlist.strings */; };
		4FBFEECF196E651D002DF74F /* main.m in Sources */ = {isa = PBXBuildFile; fileRef = 4FBFEECE196E651D002DF74F /* main.m */; };
		4FBFEED3196E651D002DF74F /* Credits.rtf in Resources */ = {isa = PBXBuildFile; fileRef = 4FBFEED1196E651D002DF74F /* Credits.rtf */; };
		4FBFEED6196E651D002DF74F /* AppDelegate.m in Sources */ = {isa = PBXBuildFile; fileRef = 4FBFEED5196E651D002DF74F /* AppDelegate.m */; };
		4FBFEED9196E651D002DF74F /* MainMenu.xib in Resources */ = {isa = PBXBuildFile; fileRef = 4FBFEED7196E651D002DF74F /* MainMenu.xib */; };
		4FBFEEDB196E651D002DF74F /* Images.xcassets in Resources */ = {isa = PBXBuildFile; fileRef = 4FBFEEDA196E651D002DF74F /* Images.xcassets */; };
		4FBFEEE3196E651D002DF74F /* Cocoa.framework in Frameworks */ = {isa = PBXBuildFile; fileRef = 4FBFEEC2196E651D002DF74F /* Cocoa.framework */; };
		4FBFEEEB196E651D002DF74F /* InfoPlist.strings in Resources */ = {isa = PBXBuildFile; fileRef = 4FBFEEE9196E651D002DF74F /* InfoPlist.strings */; };
		4FBFEEED196E651D002DF74F /* DeviceLogViewerTests.m in Sources */ = {isa = PBXBuildFile; fileRef = 4FBFEEEC196E651D002DF74F /* DeviceLogViewerTests.m */; };
		4FBFEEF8196E6541002DF74F /* LogData.m in Sources */ = {isa = PBXBuildFile; fileRef = 4FBFEEF7196E6541002DF74F /* LogData.m */; };
		4FBFEEFB196E6564002DF74F /* LogFilter.m in Sources */ = {isa = PBXBuildFile; fileRef = 4FBFEEFA196E6564002DF74F /* LogFilter.m */; };
		4FBFEEFE196E6580002DF74F /* ReadDeviceLog.m in Sources */ = {isa = PBXBuildFile; fileRef = 4FBFEEFD196E6580002DF74F /* ReadDeviceLog.m */; };
		4FBFEF01196E65A7002DF74F /* AnalyzeDeviceLog.m in Sources */ = {isa = PBXBuildFile; fileRef = 4FBFEF00196E65A7002DF74F /* AnalyzeDeviceLog.m */; };
		4FBFEF04196E74E6002DF74F /* CoreFoundation.framework in Frameworks */ = {isa = PBXBuildFile; fileRef = 4FBFEF03196E74E6002DF74F /* CoreFoundation.framework */; };
		4FBFEF06196E74F2002DF74F /* MobileDevice.framework in Frameworks */ = {isa = PBXBuildFile; fileRef = 4FBFEF05196E74F2002DF74F /* MobileDevice.framework */; };
		4FEF347C198F78D80074067B /* icon.png in Resources */ = {isa = PBXBuildFile; fileRef = 4FEF347B198F78D80074067B /* icon.png */; };
/* End PBXBuildFile section */

/* Begin PBXContainerItemProxy section */
		4FBFEEE4196E651D002DF74F /* PBXContainerItemProxy */ = {
			isa = PBXContainerItemProxy;
			containerPortal = 4FBFEEB7196E651D002DF74F /* Project object */;
			proxyType = 1;
			remoteGlobalIDString = 4FBFEEBE196E651D002DF74F;
			remoteInfo = DeviceLogViewer;
		};
/* End PBXContainerItemProxy section */

/* Begin PBXFileReference section */
		4F03E44019823D3900BE0939 /* FileWatch.h */ = {isa = PBXFileReference; fileEncoding = 4; lastKnownFileType = sourcecode.c.h; path = FileWatch.h; sourceTree = "<group>"; };
		4F03E44119823D3900BE0939 /* FileWatch.m */ = {isa = PBXFileReference; fileEncoding = 4; lastKnownFileType = sourcecode.c.objc; path = FileWatch.m; sourceTree = "<group>"; };
		4F03E4431982427100BE0939 /* ReadSimulatorLog.h */ = {isa = PBXFileReference; fileEncoding = 4; lastKnownFileType = sourcecode.c.h; path = ReadSimulatorLog.h; sourceTree = "<group>"; };
		4F03E4441982427100BE0939 /* ReadSimulatorLog.m */ = {isa = PBXFileReference; fileEncoding = 4; lastKnownFileType = sourcecode.c.objc; path = ReadSimulatorLog.m; sourceTree = "<group>"; };
		4F661FA5198A078D003941C0 /* MYTableView.h */ = {isa = PBXFileReference; fileEncoding = 4; lastKnownFileType = sourcecode.c.h; path = MYTableView.h; sourceTree = "<group>"; };
		4F661FA6198A078D003941C0 /* MYTableView.m */ = {isa = PBXFileReference; fileEncoding = 4; lastKnownFileType = sourcecode.c.objc; path = MYTableView.m; sourceTree = "<group>"; };
		4FAE661C197784B90048DFD8 /* ReadFileLog.h */ = {isa = PBXFileReference; fileEncoding = 4; lastKnownFileType = sourcecode.c.h; path = ReadFileLog.h; sourceTree = "<group>"; };
		4FAE661D197784B90048DFD8 /* ReadFileLog.m */ = {isa = PBXFileReference; fileEncoding = 4; lastKnownFileType = sourcecode.c.objc; path = ReadFileLog.m; sourceTree = "<group>"; };
		4FAE66201977BACB0048DFD8 /* LogDataStorage.h */ = {isa = PBXFileReference; fileEncoding = 4; lastKnownFileType = sourcecode.c.h; path = LogDataStorage.h; sourceTree = "<group>"; };
		4FAE66211977BACB0048DFD8 /* LogDataStorage.m */ = {isa = PBXFileReference; fileEncoding = 4; lastKnownFileType = sourcecode.c.objc; path = LogDataStorage.m; sourceTree = "<group>"; };
		4FB1B253196FC50100F0EB53 /* ILogFilterGUI.h */ = {isa = PBXFileReference; fileEncoding = 4; lastKnownFileType = sourcecode.c.h; path = ILogFilterGUI.h; sourceTree = "<group>"; };
		4FB1B254196FC50100F0EB53 /* ILogFilterGUI.m */ = {isa = PBXFileReference; fileEncoding = 4; lastKnownFileType = sourcecode.c.objc; path = ILogFilterGUI.m; sourceTree = "<group>"; };
		4FB69A851986195B0004A51E /* MYArrayController.h */ = {isa = PBXFileReference; fileEncoding = 4; lastKnownFileType = sourcecode.c.h; path = MYArrayController.h; sourceTree = "<group>"; };
		4FB69A861986195B0004A51E /* MYArrayController.m */ = {isa = PBXFileReference; fileEncoding = 4; lastKnownFileType = sourcecode.c.objc; path = MYArrayController.m; sourceTree = "<group>"; };
		4FBFEEBF196E651D002DF74F /* ILogViewer.app */ = {isa = PBXFileReference; explicitFileType = wrapper.application; includeInIndex = 0; path = ILogViewer.app; sourceTree = BUILT_PRODUCTS_DIR; };
		4FBFEEC2196E651D002DF74F /* Cocoa.framework */ = {isa = PBXFileReference; lastKnownFileType = wrapper.framework; name = Cocoa.framework; path = System/Library/Frameworks/Cocoa.framework; sourceTree = SDKROOT; };
		4FBFEEC5196E651D002DF74F /* AppKit.framework */ = {isa = PBXFileReference; lastKnownFileType = wrapper.framework; name = AppKit.framework; path = System/Library/Frameworks/AppKit.framework; sourceTree = SDKROOT; };
		4FBFEEC6196E651D002DF74F /* CoreData.framework */ = {isa = PBXFileReference; lastKnownFileType = wrapper.framework; name = CoreData.framework; path = System/Library/Frameworks/CoreData.framework; sourceTree = SDKROOT; };
		4FBFEECA196E651D002DF74F /* DeviceLogViewer-Info.plist */ = {isa = PBXFileReference; lastKnownFileType = text.plist.xml; path = "DeviceLogViewer-Info.plist"; sourceTree = "<group>"; };
		4FBFEECC196E651D002DF74F /* en */ = {isa = PBXFileReference; lastKnownFileType = text.plist.strings; name = en; path = en.lproj/InfoPlist.strings; sourceTree = "<group>"; };
		4FBFEECE196E651D002DF74F /* main.m */ = {isa = PBXFileReference; lastKnownFileType = sourcecode.c.objc; path = main.m; sourceTree = "<group>"; };
		4FBFEED0196E651D002DF74F /* DeviceLogViewer-Prefix.pch */ = {isa = PBXFileReference; lastKnownFileType = sourcecode.c.h; path = "DeviceLogViewer-Prefix.pch"; sourceTree = "<group>"; };
		4FBFEED2196E651D002DF74F /* en */ = {isa = PBXFileReference; lastKnownFileType = text.rtf; name = en; path = en.lproj/Credits.rtf; sourceTree = "<group>"; };
		4FBFEED4196E651D002DF74F /* AppDelegate.h */ = {isa = PBXFileReference; lastKnownFileType = sourcecode.c.h; path = AppDelegate.h; sourceTree = "<group>"; };
		4FBFEED5196E651D002DF74F /* AppDelegate.m */ = {isa = PBXFileReference; lastKnownFileType = sourcecode.c.objc; path = AppDelegate.m; sourceTree = "<group>"; };
		4FBFEED8196E651D002DF74F /* Base */ = {isa = PBXFileReference; lastKnownFileType = file.xib; name = Base; path = Base.lproj/MainMenu.xib; sourceTree = "<group>"; };
		4FBFEEDA196E651D002DF74F /* Images.xcassets */ = {isa = PBXFileReference; lastKnownFileType = folder.assetcatalog; path = Images.xcassets; sourceTree = "<group>"; };
		4FBFEEE0196E651D002DF74F /* DeviceLogViewerTests.xctest */ = {isa = PBXFileReference; explicitFileType = wrapper.cfbundle; includeInIndex = 0; path = DeviceLogViewerTests.xctest; sourceTree = BUILT_PRODUCTS_DIR; };
		4FBFEEE8196E651D002DF74F /* DeviceLogViewerTests-Info.plist */ = {isa = PBXFileReference; lastKnownFileType = text.plist.xml; path = "DeviceLogViewerTests-Info.plist"; sourceTree = "<group>"; };
		4FBFEEEA196E651D002DF74F /* en */ = {isa = PBXFileReference; lastKnownFileType = text.plist.strings; name = en; path = en.lproj/InfoPlist.strings; sourceTree = "<group>"; };
		4FBFEEEC196E651D002DF74F /* DeviceLogViewerTests.m */ = {isa = PBXFileReference; lastKnownFileType = sourcecode.c.objc; path = DeviceLogViewerTests.m; sourceTree = "<group>"; };
		4FBFEEF6196E6541002DF74F /* LogData.h */ = {isa = PBXFileReference; fileEncoding = 4; lastKnownFileType = sourcecode.c.h; path = LogData.h; sourceTree = "<group>"; };
		4FBFEEF7196E6541002DF74F /* LogData.m */ = {isa = PBXFileReference; fileEncoding = 4; lastKnownFileType = sourcecode.c.objc; path = LogData.m; sourceTree = "<group>"; };
		4FBFEEF9196E6564002DF74F /* LogFilter.h */ = {isa = PBXFileReference; fileEncoding = 4; lastKnownFileType = sourcecode.c.h; path = LogFilter.h; sourceTree = "<group>"; };
		4FBFEEFA196E6564002DF74F /* LogFilter.m */ = {isa = PBXFileReference; fileEncoding = 4; lastKnownFileType = sourcecode.c.objc; path = LogFilter.m; sourceTree = "<group>"; };
		4FBFEEFC196E6580002DF74F /* ReadDeviceLog.h */ = {isa = PBXFileReference; fileEncoding = 4; lastKnownFileType = sourcecode.c.h; path = ReadDeviceLog.h; sourceTree = "<group>"; };
		4FBFEEFD196E6580002DF74F /* ReadDeviceLog.m */ = {isa = PBXFileReference; fileEncoding = 4; lastKnownFileType = sourcecode.c.objc; path = ReadDeviceLog.m; sourceTree = "<group>"; };
		4FBFEEFF196E65A7002DF74F /* AnalyzeDeviceLog.h */ = {isa = PBXFileReference; fileEncoding = 4; lastKnownFileType = sourcecode.c.h; path = AnalyzeDeviceLog.h; sourceTree = "<group>"; };
		4FBFEF00196E65A7002DF74F /* AnalyzeDeviceLog.m */ = {isa = PBXFileReference; fileEncoding = 4; lastKnownFileType = sourcecode.c.objc; path = AnalyzeDeviceLog.m; sourceTree = "<group>"; };
		4FBFEF02196E74C5002DF74F /* MobileDevice.h */ = {isa = PBXFileReference; lastKnownFileType = sourcecode.c.h; path = MobileDevice.h; sourceTree = "<group>"; };
		4FBFEF03196E74E6002DF74F /* CoreFoundation.framework */ = {isa = PBXFileReference; lastKnownFileType = wrapper.framework; name = CoreFoundation.framework; path = System/Library/Frameworks/CoreFoundation.framework; sourceTree = SDKROOT; };
		4FBFEF05196E74F2002DF74F /* MobileDevice.framework */ = {isa = PBXFileReference; lastKnownFileType = wrapper.framework; path = MobileDevice.framework; sourceTree = "<group>"; };
		4FEF347B198F78D80074067B /* icon.png */ = {isa = PBXFileReference; lastKnownFileType = image.png; path = icon.png; sourceTree = "<group>"; };
/* End PBXFileReference section */

/* Begin PBXFrameworksBuildPhase section */
		4FBFEEBC196E651D002DF74F /* Frameworks */ = {
			isa = PBXFrameworksBuildPhase;
			buildActionMask = 2147483647;
			files = (
				4FBFEF06196E74F2002DF74F /* MobileDevice.framework in Frameworks */,
				4FBFEF04196E74E6002DF74F /* CoreFoundation.framework in Frameworks */,
				4FBFEEC3196E651D002DF74F /* Cocoa.framework in Frameworks */,
			);
			runOnlyForDeploymentPostprocessing = 0;
		};
		4FBFEEDD196E651D002DF74F /* Frameworks */ = {
			isa = PBXFrameworksBuildPhase;
			buildActionMask = 2147483647;
			files = (
				4FBFEEE3196E651D002DF74F /* Cocoa.framework in Frameworks */,
			);
			runOnlyForDeploymentPostprocessing = 0;
		};
/* End PBXFrameworksBuildPhase section */

/* Begin PBXGroup section */
		4FAE661F1977BA280048DFD8 /* DataManagement */ = {
			isa = PBXGroup;
			children = (
				4FBFEEFF196E65A7002DF74F /* AnalyzeDeviceLog.h */,
				4FBFEF00196E65A7002DF74F /* AnalyzeDeviceLog.m */,
				4FAE66201977BACB0048DFD8 /* LogDataStorage.h */,
				4FAE66211977BACB0048DFD8 /* LogDataStorage.m */,
			);
			name = DataManagement;
			sourceTree = "<group>";
		};
		4FB1B250196FB81E00F0EB53 /* DataClass */ = {
			isa = PBXGroup;
			children = (
				4FBFEEF6196E6541002DF74F /* LogData.h */,
				4FBFEEF7196E6541002DF74F /* LogData.m */,
				4FBFEEF9196E6564002DF74F /* LogFilter.h */,
				4FBFEEFA196E6564002DF74F /* LogFilter.m */,
			);
			name = DataClass;
			sourceTree = "<group>";
		};
		4FB1B251196FB98900F0EB53 /* DataController */ = {
			isa = PBXGroup;
			children = (
				4FB69A851986195B0004A51E /* MYArrayController.h */,
				4FB69A861986195B0004A51E /* MYArrayController.m */,
			);
			name = DataController;
			sourceTree = "<group>";
		};
		4FB1B252196FC3B300F0EB53 /* UiClass */ = {
			isa = PBXGroup;
			children = (
				4FB1B253196FC50100F0EB53 /* ILogFilterGUI.h */,
				4FB1B254196FC50100F0EB53 /* ILogFilterGUI.m */,
				4F661FA5198A078D003941C0 /* MYTableView.h */,
				4F661FA6198A078D003941C0 /* MYTableView.m */,
			);
			name = UiClass;
			sourceTree = "<group>";
		};
		4FB69A8819863A650004A51E /* ReadLogFromSource */ = {
			isa = PBXGroup;
			children = (
				4FBFEF02196E74C5002DF74F /* MobileDevice.h */,
				4FBFEEFC196E6580002DF74F /* ReadDeviceLog.h */,
				4FBFEEFD196E6580002DF74F /* ReadDeviceLog.m */,
				4FAE661C197784B90048DFD8 /* ReadFileLog.h */,
				4FAE661D197784B90048DFD8 /* ReadFileLog.m */,
				4F03E4431982427100BE0939 /* ReadSimulatorLog.h */,
				4F03E4441982427100BE0939 /* ReadSimulatorLog.m */,
				4F03E44019823D3900BE0939 /* FileWatch.h */,
				4F03E44119823D3900BE0939 /* FileWatch.m */,
			);
			name = ReadLogFromSource;
			sourceTree = "<group>";
		};
		4FBFEEB6196E651D002DF74F = {
			isa = PBXGroup;
			children = (
				4FBFEEC8196E651D002DF74F /* DeviceLogViewer */,
				4FBFEEE6196E651D002DF74F /* DeviceLogViewerTests */,
				4FBFEEC1196E651D002DF74F /* Frameworks */,
				4FBFEEC0196E651D002DF74F /* Products */,
			);
			sourceTree = "<group>";
		};
		4FBFEEC0196E651D002DF74F /* Products */ = {
			isa = PBXGroup;
			children = (
				4FBFEEBF196E651D002DF74F /* ILogViewer.app */,
				4FBFEEE0196E651D002DF74F /* DeviceLogViewerTests.xctest */,
			);
			name = Products;
			sourceTree = "<group>";
		};
		4FBFEEC1196E651D002DF74F /* Frameworks */ = {
			isa = PBXGroup;
			children = (
				4FBFEEC2196E651D002DF74F /* Cocoa.framework */,
				4FBFEEC4196E651D002DF74F /* Other Frameworks */,
			);
			name = Frameworks;
			sourceTree = "<group>";
		};
		4FBFEEC4196E651D002DF74F /* Other Frameworks */ = {
			isa = PBXGroup;
			children = (
				4FBFEF05196E74F2002DF74F /* MobileDevice.framework */,
				4FBFEF03196E74E6002DF74F /* CoreFoundation.framework */,
				4FBFEEC5196E651D002DF74F /* AppKit.framework */,
				4FBFEEC6196E651D002DF74F /* CoreData.framework */,
			);
			name = "Other Frameworks";
			sourceTree = "<group>";
		};
		4FBFEEC8196E651D002DF74F /* DeviceLogViewer */ = {
			isa = PBXGroup;
			children = (
				4FB69A8819863A650004A51E /* ReadLogFromSource */,
				4FAE661F1977BA280048DFD8 /* DataManagement */,
				4FB1B252196FC3B300F0EB53 /* UiClass */,
				4FB1B251196FB98900F0EB53 /* DataController */,
				4FB1B250196FB81E00F0EB53 /* DataClass */,
				4FBFEED4196E651D002DF74F /* AppDelegate.h */,
				4FBFEED5196E651D002DF74F /* AppDelegate.m */,
				4FBFEED7196E651D002DF74F /* MainMenu.xib */,
				4FBFEEDA196E651D002DF74F /* Images.xcassets */,
				4FBFEEC9196E651D002DF74F /* Supporting Files */,
			);
			path = DeviceLogViewer;
			sourceTree = "<group>";
		};
		4FBFEEC9196E651D002DF74F /* Supporting Files */ = {
			isa = PBXGroup;
			children = (
				4FEF347B198F78D80074067B /* icon.png */,
				4FBFEECA196E651D002DF74F /* DeviceLogViewer-Info.plist */,
				4FBFEECB196E651D002DF74F /* InfoPlist.strings */,
				4FBFEECE196E651D002DF74F /* main.m */,
				4FBFEED0196E651D002DF74F /* DeviceLogViewer-Prefix.pch */,
				4FBFEED1196E651D002DF74F /* Credits.rtf */,
			);
			name = "Supporting Files";
			sourceTree = "<group>";
		};
		4FBFEEE6196E651D002DF74F /* DeviceLogViewerTests */ = {
			isa = PBXGroup;
			children = (
				4FBFEEEC196E651D002DF74F /* DeviceLogViewerTests.m */,
				4FBFEEE7196E651D002DF74F /* Supporting Files */,
			);
			path = DeviceLogViewerTests;
			sourceTree = "<group>";
		};
		4FBFEEE7196E651D002DF74F /* Supporting Files */ = {
			isa = PBXGroup;
			children = (
				4FBFEEE8196E651D002DF74F /* DeviceLogViewerTests-Info.plist */,
				4FBFEEE9196E651D002DF74F /* InfoPlist.strings */,
			);
			name = "Supporting Files";
			sourceTree = "<group>";
		};
/* End PBXGroup section */

/* Begin PBXNativeTarget section */
		4FBFEEBE196E651D002DF74F /* DeviceLogViewer */ = {
			isa = PBXNativeTarget;
			buildConfigurationList = 4FBFEEF0196E651D002DF74F /* Build configuration list for PBXNativeTarget "DeviceLogViewer" */;
			buildPhases = (
				4FBFEEBB196E651D002DF74F /* Sources */,
				4FBFEEBC196E651D002DF74F /* Frameworks */,
				4FBFEEBD196E651D002DF74F /* Resources */,
			);
			buildRules = (
			);
			dependencies = (
			);
			name = DeviceLogViewer;
			productName = DeviceLogViewer;
			productReference = 4FBFEEBF196E651D002DF74F /* ILogViewer.app */;
			productType = "com.apple.product-type.application";
		};
		4FBFEEDF196E651D002DF74F /* DeviceLogViewerTests */ = {
			isa = PBXNativeTarget;
			buildConfigurationList = 4FBFEEF3196E651D002DF74F /* Build configuration list for PBXNativeTarget "DeviceLogViewerTests" */;
			buildPhases = (
				4FBFEEDC196E651D002DF74F /* Sources */,
				4FBFEEDD196E651D002DF74F /* Frameworks */,
				4FBFEEDE196E651D002DF74F /* Resources */,
			);
			buildRules = (
			);
			dependencies = (
				4FBFEEE5196E651D002DF74F /* PBXTargetDependency */,
			);
			name = DeviceLogViewerTests;
			productName = DeviceLogViewerTests;
			productReference = 4FBFEEE0196E651D002DF74F /* DeviceLogViewerTests.xctest */;
			productType = "com.apple.product-type.bundle.unit-test";
		};
/* End PBXNativeTarget section */

/* Begin PBXProject section */
		4FBFEEB7196E651D002DF74F /* Project object */ = {
			isa = PBXProject;
			attributes = {
				LastUpgradeCheck = 0510;
				ORGANIZATIONNAME = line;
				TargetAttributes = {
					4FBFEEDF196E651D002DF74F = {
						TestTargetID = 4FBFEEBE196E651D002DF74F;
					};
				};
			};
			buildConfigurationList = 4FBFEEBA196E651D002DF74F /* Build configuration list for PBXProject "DeviceLogViewer" */;
			compatibilityVersion = "Xcode 3.2";
			developmentRegion = English;
			hasScannedForEncodings = 0;
			knownRegions = (
				en,
				Base,
			);
			mainGroup = 4FBFEEB6196E651D002DF74F;
			productRefGroup = 4FBFEEC0196E651D002DF74F /* Products */;
			projectDirPath = "";
			projectRoot = "";
			targets = (
				4FBFEEBE196E651D002DF74F /* DeviceLogViewer */,
				4FBFEEDF196E651D002DF74F /* DeviceLogViewerTests */,
			);
		};
/* End PBXProject section */

/* Begin PBXResourcesBuildPhase section */
		4FBFEEBD196E651D002DF74F /* Resources */ = {
			isa = PBXResourcesBuildPhase;
			buildActionMask = 2147483647;
			files = (
				4FBFEECD196E651D002DF74F /* InfoPlist.strings in Resources */,
				4FEF347C198F78D80074067B /* icon.png in Resources */,
				4FBFEEDB196E651D002DF74F /* Images.xcassets in Resources */,
				4FBFEED3196E651D002DF74F /* Credits.rtf in Resources */,
				4FBFEED9196E651D002DF74F /* MainMenu.xib in Resources */,
			);
			runOnlyForDeploymentPostprocessing = 0;
		};
		4FBFEEDE196E651D002DF74F /* Resources */ = {
			isa = PBXResourcesBuildPhase;
			buildActionMask = 2147483647;
			files = (
				4FBFEEEB196E651D002DF74F /* InfoPlist.strings in Resources */,
			);
			runOnlyForDeploymentPostprocessing = 0;
		};
/* End PBXResourcesBuildPhase section */

/* Begin PBXSourcesBuildPhase section */
		4FBFEEBB196E651D002DF74F /* Sources */ = {
			isa = PBXSourcesBuildPhase;
			buildActionMask = 2147483647;
			files = (
				4FBFEED6196E651D002DF74F /* AppDelegate.m in Sources */,
				4FBFEECF196E651D002DF74F /* main.m in Sources */,
				4F03E44219823D3900BE0939 /* FileWatch.m in Sources */,
				4FBFEEFB196E6564002DF74F /* LogFilter.m in Sources */,
				4FBFEF01196E65A7002DF74F /* AnalyzeDeviceLog.m in Sources */,
				4FAE66221977BACB0048DFD8 /* LogDataStorage.m in Sources */,
				4F03E4451982427100BE0939 /* ReadSimulatorLog.m in Sources */,
				4F661FA7198A078D003941C0 /* MYTableView.m in Sources */,
				4FB1B255196FC50100F0EB53 /* ILogFilterGUI.m in Sources */,
				4FBFEEF8196E6541002DF74F /* LogData.m in Sources */,
				4FAE661E197784B90048DFD8 /* ReadFileLog.m in Sources */,
				4FBFEEFE196E6580002DF74F /* ReadDeviceLog.m in Sources */,
				4FB69A871986195B0004A51E /* MYArrayController.m in Sources */,
			);
			runOnlyForDeploymentPostprocessing = 0;
		};
		4FBFEEDC196E651D002DF74F /* Sources */ = {
			isa = PBXSourcesBuildPhase;
			buildActionMask = 2147483647;
			files = (
				4FBFEEED196E651D002DF74F /* DeviceLogViewerTests.m in Sources */,
			);
			runOnlyForDeploymentPostprocessing = 0;
		};
/* End PBXSourcesBuildPhase section */

/* Begin PBXTargetDependency section */
		4FBFEEE5196E651D002DF74F /* PBXTargetDependency */ = {
			isa = PBXTargetDependency;
			target = 4FBFEEBE196E651D002DF74F /* DeviceLogViewer */;
			targetProxy = 4FBFEEE4196E651D002DF74F /* PBXContainerItemProxy */;
		};
/* End PBXTargetDependency section */

/* Begin PBXVariantGroup section */
		4FBFEECB196E651D002DF74F /* InfoPlist.strings */ = {
			isa = PBXVariantGroup;
			children = (
				4FBFEECC196E651D002DF74F /* en */,
			);
			name = InfoPlist.strings;
			sourceTree = "<group>";
		};
		4FBFEED1196E651D002DF74F /* Credits.rtf */ = {
			isa = PBXVariantGroup;
			children = (
				4FBFEED2196E651D002DF74F /* en */,
			);
			name = Credits.rtf;
			sourceTree = "<group>";
		};
		4FBFEED7196E651D002DF74F /* MainMenu.xib */ = {
			isa = PBXVariantGroup;
			children = (
				4FBFEED8196E651D002DF74F /* Base */,
			);
			name = MainMenu.xib;
			sourceTree = "<group>";
		};
		4FBFEEE9196E651D002DF74F /* InfoPlist.strings */ = {
			isa = PBXVariantGroup;
			children = (
				4FBFEEEA196E651D002DF74F /* en */,
			);
			name = InfoPlist.strings;
			sourceTree = "<group>";
		};
/* End PBXVariantGroup section */

/* Begin XCBuildConfiguration section */
		4FBFEEEE196E651D002DF74F /* Debug */ = {
			isa = XCBuildConfiguration;
			buildSettings = {
				ALWAYS_SEARCH_USER_PATHS = NO;
				CLANG_CXX_LANGUAGE_STANDARD = "gnu++0x";
				CLANG_CXX_LIBRARY = "libc++";
				CLANG_ENABLE_MODULES = YES;
				CLANG_ENABLE_OBJC_ARC = YES;
				CLANG_WARN_BOOL_CONVERSION = YES;
				CLANG_WARN_CONSTANT_CONVERSION = YES;
				CLANG_WARN_DIRECT_OBJC_ISA_USAGE = YES_ERROR;
				CLANG_WARN_EMPTY_BODY = YES;
				CLANG_WARN_ENUM_CONVERSION = YES;
				CLANG_WARN_INT_CONVERSION = YES;
				CLANG_WARN_OBJC_ROOT_CLASS = YES_ERROR;
				CLANG_WARN__DUPLICATE_METHOD_MATCH = YES;
				COPY_PHASE_STRIP = NO;
				GCC_C_LANGUAGE_STANDARD = gnu99;
				GCC_DYNAMIC_NO_PIC = NO;
				GCC_ENABLE_OBJC_EXCEPTIONS = YES;
				GCC_OPTIMIZATION_LEVEL = 0;
				GCC_PREPROCESSOR_DEFINITIONS = (
					"DEBUG=1",
					"$(inherited)",
				);
				GCC_SYMBOLS_PRIVATE_EXTERN = NO;
				GCC_WARN_64_TO_32_BIT_CONVERSION = YES;
				GCC_WARN_ABOUT_RETURN_TYPE = YES_ERROR;
				GCC_WARN_UNDECLARED_SELECTOR = YES;
				GCC_WARN_UNINITIALIZED_AUTOS = YES_AGGRESSIVE;
				GCC_WARN_UNUSED_FUNCTION = YES;
				GCC_WARN_UNUSED_VARIABLE = YES;
				MACOSX_DEPLOYMENT_TARGET = 10.9;
				ONLY_ACTIVE_ARCH = YES;
				SDKROOT = macosx;
			};
			name = Debug;
		};
		4FBFEEEF196E651D002DF74F /* Release */ = {
			isa = XCBuildConfiguration;
			buildSettings = {
				ALWAYS_SEARCH_USER_PATHS = NO;
				CLANG_CXX_LANGUAGE_STANDARD = "gnu++0x";
				CLANG_CXX_LIBRARY = "libc++";
				CLANG_ENABLE_MODULES = YES;
				CLANG_ENABLE_OBJC_ARC = YES;
				CLANG_WARN_BOOL_CONVERSION = YES;
				CLANG_WARN_CONSTANT_CONVERSION = YES;
				CLANG_WARN_DIRECT_OBJC_ISA_USAGE = YES_ERROR;
				CLANG_WARN_EMPTY_BODY = YES;
				CLANG_WARN_ENUM_CONVERSION = YES;
				CLANG_WARN_INT_CONVERSION = YES;
				CLANG_WARN_OBJC_ROOT_CLASS = YES_ERROR;
				CLANG_WARN__DUPLICATE_METHOD_MATCH = YES;
				COPY_PHASE_STRIP = YES;
				DEBUG_INFORMATION_FORMAT = "dwarf-with-dsym";
				ENABLE_NS_ASSERTIONS = NO;
				GCC_C_LANGUAGE_STANDARD = gnu99;
				GCC_ENABLE_OBJC_EXCEPTIONS = YES;
				GCC_WARN_64_TO_32_BIT_CONVERSION = YES;
				GCC_WARN_ABOUT_RETURN_TYPE = YES_ERROR;
				GCC_WARN_UNDECLARED_SELECTOR = YES;
				GCC_WARN_UNINITIALIZED_AUTOS = YES_AGGRESSIVE;
				GCC_WARN_UNUSED_FUNCTION = YES;
				GCC_WARN_UNUSED_VARIABLE = YES;
				MACOSX_DEPLOYMENT_TARGET = 10.9;
				ONLY_ACTIVE_ARCH = NO;
				SDKROOT = macosx;
			};
			name = Release;
		};
		4FBFEEF1196E651D002DF74F /* Debug */ = {
			isa = XCBuildConfiguration;
			buildSettings = {
				ASSETCATALOG_COMPILER_APPICON_NAME = AppIcon;
				COMBINE_HIDPI_IMAGES = YES;
				FRAMEWORK_SEARCH_PATHS = (
					"$(inherited)",
					"$(PROJECT_DIR)",
				);
				GCC_PRECOMPILE_PREFIX_HEADER = YES;
				GCC_PREFIX_HEADER = "DeviceLogViewer/DeviceLogViewer-Prefix.pch";
				INFOPLIST_FILE = "DeviceLogViewer/DeviceLogViewer-Info.plist";
				MACOSX_DEPLOYMENT_TARGET = 10.9;
				ONLY_ACTIVE_ARCH = "$(BUILD_DIR)/$(CONFIGURATION)$(EFFECTIVE_PLATFORM_NAME)";
				PRODUCT_NAME = ILogViewer;
				SDKROOT = macosx10.9;
				WRAPPER_EXTENSION = app;
			};
			name = Debug;
		};
		4FBFEEF2196E651D002DF74F /* Release */ = {
			isa = XCBuildConfiguration;
			buildSettings = {
				ASSETCATALOG_COMPILER_APPICON_NAME = AppIcon;
				COMBINE_HIDPI_IMAGES = YES;
				FRAMEWORK_SEARCH_PATHS = (
					"$(inherited)",
					"$(PROJECT_DIR)",
				);
				GCC_PRECOMPILE_PREFIX_HEADER = YES;
				GCC_PREFIX_HEADER = "DeviceLogViewer/DeviceLogViewer-Prefix.pch";
				INFOPLIST_FILE = "DeviceLogViewer/DeviceLogViewer-Info.plist";
				MACOSX_DEPLOYMENT_TARGET = 10.9;
				ONLY_ACTIVE_ARCH = "$(BUILD_DIR)/$(CONFIGURATION)$(EFFECTIVE_PLATFORM_NAME)";
				PRODUCT_NAME = ILogViewer;
				SDKROOT = macosx10.9;
				WRAPPER_EXTENSION = app;
			};
			name = Release;
		};
		4FBFEEF4196E651D002DF74F /* Debug */ = {
			isa = XCBuildConfiguration;
			buildSettings = {
				BUNDLE_LOADER = "$(BUILT_PRODUCTS_DIR)/DeviceLogViewer.app/Contents/MacOS/DeviceLogViewer";
				COMBINE_HIDPI_IMAGES = YES;
				FRAMEWORK_SEARCH_PATHS = (
					"$(DEVELOPER_FRAMEWORKS_DIR)",
					"$(inherited)",
				);
				GCC_PRECOMPILE_PREFIX_HEADER = YES;
				GCC_PREFIX_HEADER = "DeviceLogViewer/DeviceLogViewer-Prefix.pch";
				GCC_PREPROCESSOR_DEFINITIONS = (
					"DEBUG=1",
					"$(inherited)",
				);
				INFOPLIST_FILE = "DeviceLogViewerTests/DeviceLogViewerTests-Info.plist";
				PRODUCT_NAME = "$(TARGET_NAME)";
				TEST_HOST = "$(BUNDLE_LOADER)";
				WRAPPER_EXTENSION = xctest;
			};
			name = Debug;
		};
		4FBFEEF5196E651D002DF74F /* Release */ = {
			isa = XCBuildConfiguration;
			buildSettings = {
				BUNDLE_LOADER = "$(BUILT_PRODUCTS_DIR)/DeviceLogViewer.app/Contents/MacOS/DeviceLogViewer";
				COMBINE_HIDPI_IMAGES = YES;
				FRAMEWORK_SEARCH_PATHS = (
					"$(DEVELOPER_FRAMEWORKS_DIR)",
					"$(inherited)",
				);
				GCC_PRECOMPILE_PREFIX_HEADER = YES;
				GCC_PREFIX_HEADER = "DeviceLogViewer/DeviceLogViewer-Prefix.pch";
				INFOPLIST_FILE = "DeviceLogViewerTests/DeviceLogViewerTests-Info.plist";
				PRODUCT_NAME = "$(TARGET_NAME)";
				TEST_HOST = "$(BUNDLE_LOADER)";
				WRAPPER_EXTENSION = xctest;
			};
			name = Release;
		};
/* End XCBuildConfiguration section */

/* Begin XCConfigurationList section */
		4FBFEEBA196E651D002DF74F /* Build configuration list for PBXProject "DeviceLogViewer" */ = {
			isa = XCConfigurationList;
			buildConfigurations = (
				4FBFEEEE196E651D002DF74F /* Debug */,
				4FBFEEEF196E651D002DF74F /* Release */,
			);
			defaultConfigurationIsVisible = 0;
			defaultConfigurationName = Release;
		};
		4FBFEEF0196E651D002DF74F /* Build configuration list for PBXNativeTarget "DeviceLogViewer" */ = {
			isa = XCConfigurationList;
			buildConfigurations = (
				4FBFEEF1196E651D002DF74F /* Debug */,
				4FBFEEF2196E651D002DF74F /* Release */,
			);
			defaultConfigurationIsVisible = 0;
			defaultConfigurationName = Release;
		};
		4FBFEEF3196E651D002DF74F /* Build configuration list for PBXNativeTarget "DeviceLogViewerTests" */ = {
			isa = XCConfigurationList;
			buildConfigurations = (
				4FBFEEF4196E651D002DF74F /* Debug */,
				4FBFEEF5196E651D002DF74F /* Release */,
			);
			defaultConfigurationIsVisible = 0;
			defaultConfigurationName = Release;
		};
/* End XCConfigurationList section */
	};
	rootObject = 4FBFEEB7196E651D002DF74F /* Project object */;
}
